
Microsoft Visual Studio Solution File, Format Version 12.00
# Visual Studio 15
VisualStudioVersion = 15.0.28010.2026
MinimumVisualStudioVersion = 10.0.40219.1
Project("{FAE04EC0-301F-11D3-BF4B-00C04F79EFBC}") = "KinkelaVitoRichTextBox", "KinkelaVitoRichTextBox\KinkelaVitoRichTextBox.csproj", "{099D7F2F-B2D9-4147-895A-E7907C58968C}"
EndProject
Global
	GlobalSection(SolutionConfigurationPlatforms) = preSolution
		Debug|Any CPU = Debug|Any CPU
		Release|Any CPU = Release|Any CPU
	EndGlobalSection
	GlobalSection(ProjectConfigurationPlatforms) = postSolution
		{099D7F2F-B2D9-4147-895A-E7907C58968C}.Debug|Any CPU.ActiveCfg = Debug|Any CPU
		{099D7F2F-B2D9-4147-895A-E7907C58968C}.Debug|Any CPU.Build.0 = Debug|Any CPU
		{099D7F2F-B2D9-4147-895A-E7907C58968C}.Release|Any CPU.ActiveCfg = Release|Any CPU
		{099D7F2F-B2D9-4147-895A-E7907C58968C}.Release|Any CPU.Build.0 = Release|Any CPU
	EndGlobalSection
	GlobalSection(SolutionProperties) = preSolution
		HideSolutionNode = FALSE
	EndGlobalSection
	GlobalSection(ExtensibilityGlobals) = postSolution
		SolutionGuid = {D95DC9DC-CD33-41D3-9120-50A3A0539396}
	EndGlobalSection
EndGlobal
